{
    "_readme": [
        "This file locks the dependencies of your project to a known state",
        "Read more about it at https://getcomposer.org/doc/01-basic-usage.md#composer-lock-the-lock-file",
        "This file is @generated automatically"
    ],
    "hash": "8d28c6db86491a7f110acc9dafc7aa65",
    "content-hash": "9fda8b01bb950330d0c4d39d3613e740",
    "packages": [
        {
            "name": "grace/pack",
            "version": "dev-master",
            "source": {
                "type": "git",
                "url": "https://github.com/shampeak/GracePack.git",
                "reference": "e0b44a2832d334ee0268301d46b77e8210a8bbc2"
            },
            "dist": {
                "type": "zip",
                "url": "https://api.github.com/repos/shampeak/GracePack/zipball/e0b44a2832d334ee0268301d46b77e8210a8bbc2",
                "reference": "e0b44a2832d334ee0268301d46b77e8210a8bbc2",
                "shasum": ""
            },
            "require": {
                "php": ">=5.5.9"
            },
            "type": "library",
            "autoload": {
                "psr-4": {
                    "Grace\\": "src"
                }
            },
            "notification-url": "https://packagist.org/downloads/",
            "license": [
                "MIT"
            ],
            "authors": [
                {
                    "name": "shampeak",
                    "email": "shampeak@sina.com"
                }
            ],
            "description": "dev",
            "time": "2016-07-08 02:21:48"
        },
        {
            "name": "lulu/db",
            "version": "v1.0.1",
            "source": {
                "type": "git",
                "url": "https://github.com/siluzhou/DBDriver.git",
                "reference": "cffd78b3592b6583dfa47bdc51afd012bd83500f"
            },
            "dist": {
                "type": "zip",
                "url": "https://api.github.com/repos/siluzhou/DBDriver/zipball/cffd78b3592b6583dfa47bdc51afd012bd83500f",
                "reference": "cffd78b3592b6583dfa47bdc51afd012bd83500f",
                "shasum": ""
            },
            "require": {
                "php": ">=5.4"
            },
            "type": "library",
            "extra": {
                "branch-alias": {
                    "dev-master": "1.0.x-dev"
                }
            },
            "autoload": {
                "psr-4": {
                    "Lulu\\": "src"
                }
            },
            "notification-url": "https://packagist.org/downloads/",
            "license": [
                "MIT"
            ],
            "authors": [
                {
                    "name": "siluzhou",
                    "email": "siluzhou_pku@163.com"
                }
            ],
            "description": "DBDriver",
            "keywords": [
                "database",
                "pdo"
            ],
            "time": "2016-07-02 02:55:36"
        }
    ],
    "packages-dev": [],
    "aliases": [],
    "minimum-stability": "dev",
    "stability-flags": {
        "grace/pack": 20
    },
    "prefer-stable": false,
    "prefer-lowest": false,
    "platform": {
        "php": ">=5.5.9"
    },
    "platform-dev": []
}
